{
  "name": "company-cs-tool",
  "version": "1.3.0",
  "lockfileVersion": 3,
  "requires": true,
  "packages": {
    "": {
      "name": "company-cs-tool",
      "version": "1.3.0",
      "dependencies": {
        "hyparquet": "1.26.2"
      },
      "engines": {
        "node": ">=20"
      }
    },
    "node_modules/hyparquet": {
      "version": "1.26.2",
      "resolved": "https://registry.npmjs.org/hyparquet/-/hyparquet-1.26.2.tgz",
      "integrity": "sha512-6qjyK7R2tZ4vnYP1J8NpcCeDPK1UIYk3xh5XgtQUnUM1iwkYbvI6Mz3xtmpMd6AfCCeoUoJVbEq29k5GReZRWA==",
      "license": "MIT"
    }
  }
}
